
Microsoft Visual Studio Solution File, Format Version 12.00
# Visual Studio 15
VisualStudioVersion = 15.0.28307.329
MinimumVisualStudioVersion = 10.0.40219.1
Project("{FAE04EC0-301F-11D3-BF4B-00C04F79EFBC}") = "BlockSort", "BlockSort\BlockSort.csproj", "{8302A411-D6B0-4919-830E-9A06CE9C5DFF}"
EndProject
Global
	GlobalSection(SolutionConfigurationPlatforms) = preSolution
		Debug|Any CPU = Debug|Any CPU
		Release|Any CPU = Release|Any CPU
	EndGlobalSection
	GlobalSection(ProjectConfigurationPlatforms) = postSolution
		{8302A411-D6B0-4919-830E-9A06CE9C5DFF}.Debug|Any CPU.ActiveCfg = Debug|Any CPU
		{8302A411-D6B0-4919-830E-9A06CE9C5DFF}.Debug|Any CPU.Build.0 = Debug|Any CPU
		{8302A411-D6B0-4919-830E-9A06CE9C5DFF}.Release|Any CPU.ActiveCfg = Release|Any CPU
		{8302A411-D6B0-4919-830E-9A06CE9C5DFF}.Release|Any CPU.Build.0 = Release|Any CPU
	EndGlobalSection
	GlobalSection(SolutionProperties) = preSolution
		HideSolutionNode = FALSE
	EndGlobalSection
	GlobalSection(ExtensibilityGlobals) = postSolution
		SolutionGuid = {0C1BD0B9-1CE7-497B-A9AB-8807A669200C}
	EndGlobalSection
EndGlobal
